
Microsoft Visual Studio Solution File, Format Version 12.00
Project("{FAE04EC0-301F-11D3-BF4B-00C04F79EFBC}") = "TestGroupB", "TestGroupB\TestGroupB.csproj", "{994C81D1-DD41-4E3B-B9D2-AC77F14BFDAB}"
EndProject
Global
	GlobalSection(SolutionConfigurationPlatforms) = preSolution
		Debug|Any CPU = Debug|Any CPU
		Release|Any CPU = Release|Any CPU
	EndGlobalSection
	GlobalSection(ProjectConfigurationPlatforms) = postSolution
		{994C81D1-DD41-4E3B-B9D2-AC77F14BFDAB}.Debug|Any CPU.ActiveCfg = Debug|Any CPU
		{994C81D1-DD41-4E3B-B9D2-AC77F14BFDAB}.Debug|Any CPU.Build.0 = Debug|Any CPU
		{994C81D1-DD41-4E3B-B9D2-AC77F14BFDAB}.Release|Any CPU.ActiveCfg = Release|Any CPU
		{994C81D1-DD41-4E3B-B9D2-AC77F14BFDAB}.Release|Any CPU.Build.0 = Release|Any CPU
	EndGlobalSection
EndGlobal
